
Microsoft Visual Studio Solution File, Format Version 12.00
Project("{FAE04EC0-301F-11D3-BF4B-00C04F79EFBC}") = "CrossPlatformLabs", "CrossPlatformLabs\CrossPlatformLabs.csproj", "{3A76388D-1BC8-492D-AB6E-AC5484BED1A1}"
EndProject
Project("{FAE04EC0-301F-11D3-BF4B-00C04F79EFBC}") = "Lab2", "Lab2\Lab2.csproj", "{52EAFF59-3D21-4BBB-9060-E3CFF4FC1EC6}"
EndProject
Project("{FAE04EC0-301F-11D3-BF4B-00C04F79EFBC}") = "Lab3", "Lab3\Lab3.csproj", "{FB1EC9E6-6D85-4DDE-8B6B-C28A63B63673}"
EndProject
Project("{FAE04EC0-301F-11D3-BF4B-00C04F79EFBC}") = "Lab4", "Lab4\Lab4.csproj", "{D5B3A399-207F-479B-88E8-626C9561C923}"
EndProject
Project("{FAE04EC0-301F-11D3-BF4B-00C04F79EFBC}") = "Lab4_lib", "Lab4_lib\Lab4_lib.csproj", "{D6A91034-78B9-4450-876E-6FE8863BE748}"
EndProject
Project("{FAE04EC0-301F-11D3-BF4B-00C04F79EFBC}") = "Lab5", "Lab5\Lab5.csproj", "{D00AEF23-B9C1-4D37-94BC-DA974877F820}"
	ProjectSection(ProjectDependencies) = postProject
		{4F1A71A2-AEBC-49C0-B2D2-002C5B049DE2} = {4F1A71A2-AEBC-49C0-B2D2-002C5B049DE2}
	EndProjectSection
EndProject
Project("{FAE04EC0-301F-11D3-BF4B-00C04F79EFBC}") = "Lab5_lib", "Lab5_lib\Lab5_lib.csproj", "{4F1A71A2-AEBC-49C0-B2D2-002C5B049DE2}"
EndProject
Project("{FAE04EC0-301F-11D3-BF4B-00C04F79EFBC}") = "Lab5_2", "Lab5_2\Lab5_2.csproj", "{D5EB99CF-08B3-48B8-91C0-B205972237EF}"
EndProject
Global
	GlobalSection(SolutionConfigurationPlatforms) = preSolution
		Debug|Any CPU = Debug|Any CPU
		Release|Any CPU = Release|Any CPU
	EndGlobalSection
	GlobalSection(ProjectConfigurationPlatforms) = postSolution
		{3A76388D-1BC8-492D-AB6E-AC5484BED1A1}.Debug|Any CPU.ActiveCfg = Debug|Any CPU
		{3A76388D-1BC8-492D-AB6E-AC5484BED1A1}.Debug|Any CPU.Build.0 = Debug|Any CPU
		{3A76388D-1BC8-492D-AB6E-AC5484BED1A1}.Release|Any CPU.ActiveCfg = Release|Any CPU
		{3A76388D-1BC8-492D-AB6E-AC5484BED1A1}.Release|Any CPU.Build.0 = Release|Any CPU
		{52EAFF59-3D21-4BBB-9060-E3CFF4FC1EC6}.Debug|Any CPU.ActiveCfg = Debug|Any CPU
		{52EAFF59-3D21-4BBB-9060-E3CFF4FC1EC6}.Debug|Any CPU.Build.0 = Debug|Any CPU
		{52EAFF59-3D21-4BBB-9060-E3CFF4FC1EC6}.Release|Any CPU.ActiveCfg = Release|Any CPU
		{52EAFF59-3D21-4BBB-9060-E3CFF4FC1EC6}.Release|Any CPU.Build.0 = Release|Any CPU
		{FB1EC9E6-6D85-4DDE-8B6B-C28A63B63673}.Debug|Any CPU.ActiveCfg = Debug|Any CPU
		{FB1EC9E6-6D85-4DDE-8B6B-C28A63B63673}.Debug|Any CPU.Build.0 = Debug|Any CPU
		{FB1EC9E6-6D85-4DDE-8B6B-C28A63B63673}.Release|Any CPU.ActiveCfg = Release|Any CPU
		{FB1EC9E6-6D85-4DDE-8B6B-C28A63B63673}.Release|Any CPU.Build.0 = Release|Any CPU
		{D5B3A399-207F-479B-88E8-626C9561C923}.Debug|Any CPU.ActiveCfg = Debug|Any CPU
		{D5B3A399-207F-479B-88E8-626C9561C923}.Debug|Any CPU.Build.0 = Debug|Any CPU
		{D5B3A399-207F-479B-88E8-626C9561C923}.Release|Any CPU.ActiveCfg = Release|Any CPU
		{D5B3A399-207F-479B-88E8-626C9561C923}.Release|Any CPU.Build.0 = Release|Any CPU
		{D6A91034-78B9-4450-876E-6FE8863BE748}.Debug|Any CPU.ActiveCfg = Debug|Any CPU
		{D6A91034-78B9-4450-876E-6FE8863BE748}.Debug|Any CPU.Build.0 = Debug|Any CPU
		{D6A91034-78B9-4450-876E-6FE8863BE748}.Release|Any CPU.ActiveCfg = Release|Any CPU
		{D6A91034-78B9-4450-876E-6FE8863BE748}.Release|Any CPU.Build.0 = Release|Any CPU
		{D00AEF23-B9C1-4D37-94BC-DA974877F820}.Debug|Any CPU.ActiveCfg = Debug|Any CPU
		{D00AEF23-B9C1-4D37-94BC-DA974877F820}.Debug|Any CPU.Build.0 = Debug|Any CPU
		{D00AEF23-B9C1-4D37-94BC-DA974877F820}.Release|Any CPU.ActiveCfg = Release|Any CPU
		{D00AEF23-B9C1-4D37-94BC-DA974877F820}.Release|Any CPU.Build.0 = Release|Any CPU
		{4F1A71A2-AEBC-49C0-B2D2-002C5B049DE2}.Debug|Any CPU.ActiveCfg = Debug|Any CPU
		{4F1A71A2-AEBC-49C0-B2D2-002C5B049DE2}.Debug|Any CPU.Build.0 = Debug|Any CPU
		{4F1A71A2-AEBC-49C0-B2D2-002C5B049DE2}.Release|Any CPU.ActiveCfg = Release|Any CPU
		{4F1A71A2-AEBC-49C0-B2D2-002C5B049DE2}.Release|Any CPU.Build.0 = Release|Any CPU
		{D5EB99CF-08B3-48B8-91C0-B205972237EF}.Debug|Any CPU.ActiveCfg = Debug|Any CPU
		{D5EB99CF-08B3-48B8-91C0-B205972237EF}.Debug|Any CPU.Build.0 = Debug|Any CPU
		{D5EB99CF-08B3-48B8-91C0-B205972237EF}.Release|Any CPU.ActiveCfg = Release|Any CPU
		{D5EB99CF-08B3-48B8-91C0-B205972237EF}.Release|Any CPU.Build.0 = Release|Any CPU
	EndGlobalSection
EndGlobal
